
Microsoft Visual Studio Solution File, Format Version 12.00
# Visual Studio Version 16
VisualStudioVersion = 16.0.30320.27
MinimumVisualStudioVersion = 10.0.40219.1
Project("{9A19103F-16F7-4668-BE54-9A1E7A4F7556}") = "Proje.ToDo.DataAccess", "Proje.ToDo.DataAccess\Proje.ToDo.DataAccess.csproj", "{450CD2A8-CC43-4F9A-A83E-2B6B8C6D2C47}"
EndProject
Project("{9A19103F-16F7-4668-BE54-9A1E7A4F7556}") = "Proje.ToDo.Business", "Proje.ToDo.Business\Proje.ToDo.Business.csproj", "{D795FBA9-A9F1-495C-886A-D5EC594F4236}"
EndProject
Project("{9A19103F-16F7-4668-BE54-9A1E7A4F7556}") = "Proje.ToDo.Entities", "Proje.ToDo.Entities\Proje.ToDo.Entities.csproj", "{800B750D-91FD-4CC7-A1EA-63F2A50A546E}"
EndProject
Project("{9A19103F-16F7-4668-BE54-9A1E7A4F7556}") = "Proje.ToDo.Web", "Proje.ToDo.Web\Proje.ToDo.Web.csproj", "{01FA5C6C-DAC8-40CF-A08C-BE669D314C53}"
EndProject
Project("{FAE04EC0-301F-11D3-BF4B-00C04F79EFBC}") = "Proje.ToDo.DTO", "Proje.ToDo.DTO\Proje.ToDo.DTO.csproj", "{193D77E2-2CA4-45EE-BC98-9B703FDC12C8}"
EndProject
Global
	GlobalSection(SolutionConfigurationPlatforms) = preSolution
		Debug|Any CPU = Debug|Any CPU
		Release|Any CPU = Release|Any CPU
	EndGlobalSection
	GlobalSection(ProjectConfigurationPlatforms) = postSolution
		{450CD2A8-CC43-4F9A-A83E-2B6B8C6D2C47}.Debug|Any CPU.ActiveCfg = Debug|Any CPU
		{450CD2A8-CC43-4F9A-A83E-2B6B8C6D2C47}.Debug|Any CPU.Build.0 = Debug|Any CPU
		{450CD2A8-CC43-4F9A-A83E-2B6B8C6D2C47}.Release|Any CPU.ActiveCfg = Release|Any CPU
		{450CD2A8-CC43-4F9A-A83E-2B6B8C6D2C47}.Release|Any CPU.Build.0 = Release|Any CPU
		{D795FBA9-A9F1-495C-886A-D5EC594F4236}.Debug|Any CPU.ActiveCfg = Debug|Any CPU
		{D795FBA9-A9F1-495C-886A-D5EC594F4236}.Debug|Any CPU.Build.0 = Debug|Any CPU
		{D795FBA9-A9F1-495C-886A-D5EC594F4236}.Release|Any CPU.ActiveCfg = Release|Any CPU
		{D795FBA9-A9F1-495C-886A-D5EC594F4236}.Release|Any CPU.Build.0 = Release|Any CPU
		{800B750D-91FD-4CC7-A1EA-63F2A50A546E}.Debug|Any CPU.ActiveCfg = Debug|Any CPU
		{800B750D-91FD-4CC7-A1EA-63F2A50A546E}.Debug|Any CPU.Build.0 = Debug|Any CPU
		{800B750D-91FD-4CC7-A1EA-63F2A50A546E}.Release|Any CPU.ActiveCfg = Release|Any CPU
		{800B750D-91FD-4CC7-A1EA-63F2A50A546E}.Release|Any CPU.Build.0 = Release|Any CPU
		{01FA5C6C-DAC8-40CF-A08C-BE669D314C53}.Debug|Any CPU.ActiveCfg = Debug|Any CPU
		{01FA5C6C-DAC8-40CF-A08C-BE669D314C53}.Debug|Any CPU.Build.0 = Debug|Any CPU
		{01FA5C6C-DAC8-40CF-A08C-BE669D314C53}.Release|Any CPU.ActiveCfg = Release|Any CPU
		{01FA5C6C-DAC8-40CF-A08C-BE669D314C53}.Release|Any CPU.Build.0 = Release|Any CPU
		{193D77E2-2CA4-45EE-BC98-9B703FDC12C8}.Debug|Any CPU.ActiveCfg = Debug|Any CPU
		{193D77E2-2CA4-45EE-BC98-9B703FDC12C8}.Debug|Any CPU.Build.0 = Debug|Any CPU
		{193D77E2-2CA4-45EE-BC98-9B703FDC12C8}.Release|Any CPU.ActiveCfg = Release|Any CPU
		{193D77E2-2CA4-45EE-BC98-9B703FDC12C8}.Release|Any CPU.Build.0 = Release|Any CPU
	EndGlobalSection
	GlobalSection(SolutionProperties) = preSolution
		HideSolutionNode = FALSE
	EndGlobalSection
	GlobalSection(ExtensibilityGlobals) = postSolution
		SolutionGuid = {69548220-C9D0-4780-AC73-8E2859CCCF23}
	EndGlobalSection
EndGlobal
